
Microsoft Visual Studio Solution File, Format Version 12.00
# Visual Studio Version 16
VisualStudioVersion = 16.0.31911.196
MinimumVisualStudioVersion = 10.0.40219.1
Project("{FAE04EC0-301F-11D3-BF4B-00C04F79EFBC}") = "Bai1", "Bai1\Bai1.csproj", "{84E9E70C-4050-483B-AF7E-E7A87CE2C005}"
EndProject
Project("{FAE04EC0-301F-11D3-BF4B-00C04F79EFBC}") = "Bai4", "Bai4\Bai4.csproj", "{C2BB6C36-343A-43D0-803C-0A56D7164D67}"
EndProject
Global
	GlobalSection(SolutionConfigurationPlatforms) = preSolution
		Debug|Any CPU = Debug|Any CPU
		Release|Any CPU = Release|Any CPU
	EndGlobalSection
	GlobalSection(ProjectConfigurationPlatforms) = postSolution
		{84E9E70C-4050-483B-AF7E-E7A87CE2C005}.Debug|Any CPU.ActiveCfg = Debug|Any CPU
		{84E9E70C-4050-483B-AF7E-E7A87CE2C005}.Debug|Any CPU.Build.0 = Debug|Any CPU
		{84E9E70C-4050-483B-AF7E-E7A87CE2C005}.Release|Any CPU.ActiveCfg = Release|Any CPU
		{84E9E70C-4050-483B-AF7E-E7A87CE2C005}.Release|Any CPU.Build.0 = Release|Any CPU
		{C2BB6C36-343A-43D0-803C-0A56D7164D67}.Debug|Any CPU.ActiveCfg = Debug|Any CPU
		{C2BB6C36-343A-43D0-803C-0A56D7164D67}.Debug|Any CPU.Build.0 = Debug|Any CPU
		{C2BB6C36-343A-43D0-803C-0A56D7164D67}.Release|Any CPU.ActiveCfg = Release|Any CPU
		{C2BB6C36-343A-43D0-803C-0A56D7164D67}.Release|Any CPU.Build.0 = Release|Any CPU
	EndGlobalSection
	GlobalSection(SolutionProperties) = preSolution
		HideSolutionNode = FALSE
	EndGlobalSection
	GlobalSection(ExtensibilityGlobals) = postSolution
		SolutionGuid = {BEFC808A-9A49-42A8-8211-B64D2AC268E1}
	EndGlobalSection
EndGlobal
